
Microsoft Visual Studio Solution File, Format Version 12.00
# Visual Studio Version 16
VisualStudioVersion = 16.0.808.6
MinimumVisualStudioVersion = 10.0.40219.1
Project("{FAE04EC0-301F-11D3-BF4B-00C04F79EFBC}") = "AK1AP_UKOL1", "AK1AP_UKOL1\AK1AP_UKOL1.csproj", "{BE690584-01D0-48D6-8821-28C8F5C71CCD}"
EndProject
Global
	GlobalSection(SolutionConfigurationPlatforms) = preSolution
		Debug|Any CPU = Debug|Any CPU
		Release|Any CPU = Release|Any CPU
	EndGlobalSection
	GlobalSection(ProjectConfigurationPlatforms) = postSolution
		{BE690584-01D0-48D6-8821-28C8F5C71CCD}.Debug|Any CPU.ActiveCfg = Debug|Any CPU
		{BE690584-01D0-48D6-8821-28C8F5C71CCD}.Debug|Any CPU.Build.0 = Debug|Any CPU
		{BE690584-01D0-48D6-8821-28C8F5C71CCD}.Release|Any CPU.ActiveCfg = Release|Any CPU
		{BE690584-01D0-48D6-8821-28C8F5C71CCD}.Release|Any CPU.Build.0 = Release|Any CPU
	EndGlobalSection
	GlobalSection(SolutionProperties) = preSolution
		HideSolutionNode = FALSE
	EndGlobalSection
	GlobalSection(ExtensibilityGlobals) = postSolution
		SolutionGuid = {F207049F-23B3-4415-AF1F-5216E398C45D}
	EndGlobalSection
EndGlobal
